
Microsoft Visual Studio Solution File, Format Version 12.00
# Visual Studio Version 16
VisualStudioVersion = 16.0.30717.126
MinimumVisualStudioVersion = 10.0.40219.1
Project("{FAE04EC0-301F-11D3-BF4B-00C04F79EFBC}") = "ConsoleApp", "ConsoleApp\ConsoleApp.csproj", "{0A6FF4D1-14A2-4E1A-BB86-3934C1369134}"
EndProject
Project("{FAE04EC0-301F-11D3-BF4B-00C04F79EFBC}") = "TimeLibrary", "TimeLibrary\TimeLibrary.csproj", "{5084D4AE-C14C-4E03-8750-3750A374A1C1}"
EndProject
Project("{FAE04EC0-301F-11D3-BF4B-00C04F79EFBC}") = "TimeUnitTests", "TimeUnitTests\TimeUnitTests.csproj", "{60E74A01-C326-453F-9E63-42507A7E3A9B}"
EndProject
Global
	GlobalSection(SolutionConfigurationPlatforms) = preSolution
		Debug|Any CPU = Debug|Any CPU
		Release|Any CPU = Release|Any CPU
	EndGlobalSection
	GlobalSection(ProjectConfigurationPlatforms) = postSolution
		{0A6FF4D1-14A2-4E1A-BB86-3934C1369134}.Debug|Any CPU.ActiveCfg = Debug|Any CPU
		{0A6FF4D1-14A2-4E1A-BB86-3934C1369134}.Debug|Any CPU.Build.0 = Debug|Any CPU
		{0A6FF4D1-14A2-4E1A-BB86-3934C1369134}.Release|Any CPU.ActiveCfg = Release|Any CPU
		{0A6FF4D1-14A2-4E1A-BB86-3934C1369134}.Release|Any CPU.Build.0 = Release|Any CPU
		{5084D4AE-C14C-4E03-8750-3750A374A1C1}.Debug|Any CPU.ActiveCfg = Debug|Any CPU
		{5084D4AE-C14C-4E03-8750-3750A374A1C1}.Debug|Any CPU.Build.0 = Debug|Any CPU
		{5084D4AE-C14C-4E03-8750-3750A374A1C1}.Release|Any CPU.ActiveCfg = Release|Any CPU
		{5084D4AE-C14C-4E03-8750-3750A374A1C1}.Release|Any CPU.Build.0 = Release|Any CPU
		{60E74A01-C326-453F-9E63-42507A7E3A9B}.Debug|Any CPU.ActiveCfg = Debug|Any CPU
		{60E74A01-C326-453F-9E63-42507A7E3A9B}.Debug|Any CPU.Build.0 = Debug|Any CPU
		{60E74A01-C326-453F-9E63-42507A7E3A9B}.Release|Any CPU.ActiveCfg = Release|Any CPU
		{60E74A01-C326-453F-9E63-42507A7E3A9B}.Release|Any CPU.Build.0 = Release|Any CPU
	EndGlobalSection
	GlobalSection(SolutionProperties) = preSolution
		HideSolutionNode = FALSE
	EndGlobalSection
	GlobalSection(ExtensibilityGlobals) = postSolution
		SolutionGuid = {B65C3FCE-66AB-4D8A-8829-8146544520B6}
	EndGlobalSection
EndGlobal
